
Microsoft Visual Studio Solution File, Format Version 12.00
# Visual Studio Version 16
VisualStudioVersion = 16.0.31112.23
MinimumVisualStudioVersion = 10.0.40219.1
Project("{FAE04EC0-301F-11D3-BF4B-00C04F79EFBC}") = "35.MovieNight", "35.MovieNight\35.MovieNight.csproj", "{FE9B2A64-E5C9-41CF-8D4E-0DDB17DC87A0}"
EndProject
Global
	GlobalSection(SolutionConfigurationPlatforms) = preSolution
		Debug|Any CPU = Debug|Any CPU
		Release|Any CPU = Release|Any CPU
	EndGlobalSection
	GlobalSection(ProjectConfigurationPlatforms) = postSolution
		{FE9B2A64-E5C9-41CF-8D4E-0DDB17DC87A0}.Debug|Any CPU.ActiveCfg = Debug|Any CPU
		{FE9B2A64-E5C9-41CF-8D4E-0DDB17DC87A0}.Debug|Any CPU.Build.0 = Debug|Any CPU
		{FE9B2A64-E5C9-41CF-8D4E-0DDB17DC87A0}.Release|Any CPU.ActiveCfg = Release|Any CPU
		{FE9B2A64-E5C9-41CF-8D4E-0DDB17DC87A0}.Release|Any CPU.Build.0 = Release|Any CPU
	EndGlobalSection
	GlobalSection(SolutionProperties) = preSolution
		HideSolutionNode = FALSE
	EndGlobalSection
	GlobalSection(ExtensibilityGlobals) = postSolution
		SolutionGuid = {0A2BF4C9-03B6-41B3-BFED-882BC0105D61}
	EndGlobalSection
EndGlobal
